
Microsoft Visual Studio Solution File, Format Version 12.00
# Visual Studio Version 17
VisualStudioVersion = 17.4.33213.308
MinimumVisualStudioVersion = 10.0.40219.1
Project("{9A19103F-16F7-4668-BE54-9A1E7A4F7556}") = "Chapter", "Chapter\Chapter.csproj", "{AD17D476-CDEF-496F-92BF-678F1D15D10F}"
EndProject
Project("{FAE04EC0-301F-11D3-BF4B-00C04F79EFBC}") = "TestProject1", "TestProject1\TestProject1.csproj", "{9A1BE5E5-4084-41DB-8695-2A12D1475DD1}"
EndProject
Global
	GlobalSection(SolutionConfigurationPlatforms) = preSolution
		Debug|Any CPU = Debug|Any CPU
		Release|Any CPU = Release|Any CPU
	EndGlobalSection
	GlobalSection(ProjectConfigurationPlatforms) = postSolution
		{AD17D476-CDEF-496F-92BF-678F1D15D10F}.Debug|Any CPU.ActiveCfg = Debug|Any CPU
		{AD17D476-CDEF-496F-92BF-678F1D15D10F}.Debug|Any CPU.Build.0 = Debug|Any CPU
		{AD17D476-CDEF-496F-92BF-678F1D15D10F}.Release|Any CPU.ActiveCfg = Release|Any CPU
		{AD17D476-CDEF-496F-92BF-678F1D15D10F}.Release|Any CPU.Build.0 = Release|Any CPU
		{9A1BE5E5-4084-41DB-8695-2A12D1475DD1}.Debug|Any CPU.ActiveCfg = Debug|Any CPU
		{9A1BE5E5-4084-41DB-8695-2A12D1475DD1}.Debug|Any CPU.Build.0 = Debug|Any CPU
		{9A1BE5E5-4084-41DB-8695-2A12D1475DD1}.Release|Any CPU.ActiveCfg = Release|Any CPU
		{9A1BE5E5-4084-41DB-8695-2A12D1475DD1}.Release|Any CPU.Build.0 = Release|Any CPU
	EndGlobalSection
	GlobalSection(SolutionProperties) = preSolution
		HideSolutionNode = FALSE
	EndGlobalSection
	GlobalSection(ExtensibilityGlobals) = postSolution
		SolutionGuid = {B4FD8618-D536-4C69-8108-E3A701350A3D}
	EndGlobalSection
EndGlobal
